// !$*UTF8*$!
{
	archiveVersion = 1;
	classes = {
	};
	objectVersion = 48;
	objects = {

/* Begin PBXBuildFile section */
		244204BB2411202C00E442C6 /* AppDelegate.m in Sources */ = {isa = PBXBuildFile; fileRef = 244204BA2411202C00E442C6 /* AppDelegate.m */; };
		244204BE2411202C00E442C6 /* ViewController.m in Sources */ = {isa = PBXBuildFile; fileRef = 244204BD2411202C00E442C6 /* ViewController.m */; };
		244204C12411202C00E442C6 /* Main.storyboard in Resources */ = {isa = PBXBuildFile; fileRef = 244204BF2411202C00E442C6 /* Main.storyboard */; };
		244204C32411202C00E442C6 /* Assets.xcassets in Resources */ = {isa = PBXBuildFile; fileRef = 244204C22411202C00E442C6 /* Assets.xcassets */; };
		244204C62411202C00E442C6 /* LaunchScreen.storyboard in Resources */ = {isa = PBXBuildFile; fileRef = 244204C42411202C00E442C6 /* LaunchScreen.storyboard */; };
		244204C92411202C00E442C6 /* main.m in Sources */ = {isa = PBXBuildFile; fileRef = 244204C82411202C00E442C6 /* main.m */; };
		244204D32411202D00E442C6 /* DLToolDemoTests.m in Sources */ = {isa = PBXBuildFile; fileRef = 244204D22411202D00E442C6 /* DLToolDemoTests.m */; };
		244204DE2411202D00E442C6 /* DLToolDemoUITests.m in Sources */ = {isa = PBXBuildFile; fileRef = 244204DD2411202D00E442C6 /* DLToolDemoUITests.m */; };
		244205622411204C00E442C6 /* DLDispatchQueuePool.m in Sources */ = {isa = PBXBuildFile; fileRef = 244204ED2411204B00E442C6 /* DLDispatchQueuePool.m */; };
		244205632411204C00E442C6 /* DLLayer.m in Sources */ = {isa = PBXBuildFile; fileRef = 244204EF2411204B00E442C6 /* DLLayer.m */; };
		244205642411204C00E442C6 /* ClarityDefault.png in Resources */ = {isa = PBXBuildFile; fileRef = 244204F22411204C00E442C6 /* ClarityDefault.png */; };
		244205652411204C00E442C6 /* ClaritySelected.png in Resources */ = {isa = PBXBuildFile; fileRef = 244204F32411204C00E442C6 /* ClaritySelected.png */; };
		244205662411204C00E442C6 /* close_white.png in Resources */ = {isa = PBXBuildFile; fileRef = 244204F42411204C00E442C6 /* close_white.png */; };
		244205672411204C00E442C6 /* defaulteImage.png in Resources */ = {isa = PBXBuildFile; fileRef = 244204F52411204C00E442C6 /* defaulteImage.png */; };
		244205682411204C00E442C6 /* loadFail.png in Resources */ = {isa = PBXBuildFile; fileRef = 244204F62411204C00E442C6 /* loadFail.png */; };
		244205692411204C00E442C6 /* loading.png in Resources */ = {isa = PBXBuildFile; fileRef = 244204F72411204C00E442C6 /* loading.png */; };
		2442056A2411204C00E442C6 /* loadSuccess.png in Resources */ = {isa = PBXBuildFile; fileRef = 244204F82411204C00E442C6 /* loadSuccess.png */; };
		2442056B2411204C00E442C6 /* pause.png in Resources */ = {isa = PBXBuildFile; fileRef = 244204F92411204C00E442C6 /* pause.png */; };
		2442056C2411204C00E442C6 /* play.png in Resources */ = {isa = PBXBuildFile; fileRef = 244204FA2411204C00E442C6 /* play.png */; };
		2442056D2411204C00E442C6 /* video_bottom_gray.png in Resources */ = {isa = PBXBuildFile; fileRef = 244204FB2411204C00E442C6 /* video_bottom_gray.png */; };
		2442056E2411204C00E442C6 /* video_full_screen.png in Resources */ = {isa = PBXBuildFile; fileRef = 244204FC2411204C00E442C6 /* video_full_screen.png */; };
		2442056F2411204C00E442C6 /* video_small_screen.png in Resources */ = {isa = PBXBuildFile; fileRef = 244204FD2411204C00E442C6 /* video_small_screen.png */; };
		244205702411204C00E442C6 /* video_top_gray.png in Resources */ = {isa = PBXBuildFile; fileRef = 244204FE2411204C00E442C6 /* video_top_gray.png */; };
		244205712411204C00E442C6 /* DLAutoLayout.m in Sources */ = {isa = PBXBuildFile; fileRef = 244205022411204C00E442C6 /* DLAutoLayout.m */; };
		244205722411204C00E442C6 /* DLConstraintMaker.m in Sources */ = {isa = PBXBuildFile; fileRef = 244205042411204C00E442C6 /* DLConstraintMaker.m */; };
		244205732411204C00E442C6 /* DLBaseViewController.m in Sources */ = {isa = PBXBuildFile; fileRef = 244205072411204C00E442C6 /* DLBaseViewController.m */; };
		244205742411204C00E442C6 /* UINavigationController+Add.m in Sources */ = {isa = PBXBuildFile; fileRef = 244205092411204C00E442C6 /* UINavigationController+Add.m */; };
		244205752411204C00E442C6 /* DLSafeProtector.m in Sources */ = {isa = PBXBuildFile; fileRef = 2442050C2411204C00E442C6 /* DLSafeProtector.m */; };
		244205762411204C00E442C6 /* UIView+Add.m in Sources */ = {isa = PBXBuildFile; fileRef = 244205102411204C00E442C6 /* UIView+Add.m */; };
		244205772411204C00E442C6 /* DLClassInfo.m in Sources */ = {isa = PBXBuildFile; fileRef = 244205132411204C00E442C6 /* DLClassInfo.m */; };
		244205782411204C00E442C6 /* NSArray+Add.m in Sources */ = {isa = PBXBuildFile; fileRef = 244205152411204C00E442C6 /* NSArray+Add.m */; };
		244205792411204C00E442C6 /* NSAttributedString+Add.m in Sources */ = {isa = PBXBuildFile; fileRef = 244205172411204C00E442C6 /* NSAttributedString+Add.m */; };
		2442057A2411204C00E442C6 /* NSCache+Add.m in Sources */ = {isa = PBXBuildFile; fileRef = 244205192411204C00E442C6 /* NSCache+Add.m */; };
		2442057B2411204C00E442C6 /* NSData+Add.m in Sources */ = {isa = PBXBuildFile; fileRef = 2442051B2411204C00E442C6 /* NSData+Add.m */; };
		2442057C2411204C00E442C6 /* NSDate+Add.m in Sources */ = {isa = PBXBuildFile; fileRef = 2442051D2411204C00E442C6 /* NSDate+Add.m */; };
		2442057D2411204C00E442C6 /* NSDictionary+Add.m in Sources */ = {isa = PBXBuildFile; fileRef = 2442051F2411204C00E442C6 /* NSDictionary+Add.m */; };
		2442057E2411204C00E442C6 /* NSMutableArray+Add.m in Sources */ = {isa = PBXBuildFile; fileRef = 244205212411204C00E442C6 /* NSMutableArray+Add.m */; };
		2442057F2411204C00E442C6 /* NSMutableAttributedString+Add.m in Sources */ = {isa = PBXBuildFile; fileRef = 244205232411204C00E442C6 /* NSMutableAttributedString+Add.m */; };
		244205802411204C00E442C6 /* NSMutableData+Add.m in Sources */ = {isa = PBXBuildFile; fileRef = 244205252411204C00E442C6 /* NSMutableData+Add.m */; };
		244205812411204C00E442C6 /* NSMutableDictionary+Add.m in Sources */ = {isa = PBXBuildFile; fileRef = 244205272411204C00E442C6 /* NSMutableDictionary+Add.m */; };
		244205822411204C00E442C6 /* NSMutableOrderedSet+Add.m in Sources */ = {isa = PBXBuildFile; fileRef = 244205292411204C00E442C6 /* NSMutableOrderedSet+Add.m */; };
		244205832411204C00E442C6 /* NSMutableSet+Add.m in Sources */ = {isa = PBXBuildFile; fileRef = 2442052B2411204C00E442C6 /* NSMutableSet+Add.m */; };
		244205842411204C00E442C6 /* NSMutableString+Add.m in Sources */ = {isa = PBXBuildFile; fileRef = 2442052D2411204C00E442C6 /* NSMutableString+Add.m */; };
		244205852411204C00E442C6 /* NSNotificationCenter+Add.m in Sources */ = {isa = PBXBuildFile; fileRef = 2442052F2411204C00E442C6 /* NSNotificationCenter+Add.m */; };
		244205862411204C00E442C6 /* NSObject+Add.m in Sources */ = {isa = PBXBuildFile; fileRef = 244205312411204C00E442C6 /* NSObject+Add.m */; };
		244205872411204C00E442C6 /* NSOrderedSet+Add.m in Sources */ = {isa = PBXBuildFile; fileRef = 244205332411204C00E442C6 /* NSOrderedSet+Add.m */; };
		244205882411204C00E442C6 /* NSSet+Add.m in Sources */ = {isa = PBXBuildFile; fileRef = 244205352411204C00E442C6 /* NSSet+Add.m */; };
		244205892411204C00E442C6 /* NSString+Add.m in Sources */ = {isa = PBXBuildFile; fileRef = 244205372411204C00E442C6 /* NSString+Add.m */; };
		2442058A2411204C00E442C6 /* NSUserDefaults+Add.m in Sources */ = {isa = PBXBuildFile; fileRef = 244205392411204C00E442C6 /* NSUserDefaults+Add.m */; };
		2442058B2411204C00E442C6 /* UIApplication+Add.m in Sources */ = {isa = PBXBuildFile; fileRef = 2442053B2411204C00E442C6 /* UIApplication+Add.m */; };
		2442058C2411204C00E442C6 /* UIControl+Add.m in Sources */ = {isa = PBXBuildFile; fileRef = 2442053D2411204C00E442C6 /* UIControl+Add.m */; };
		2442058D2411204C00E442C6 /* UIDevice+Add.m in Sources */ = {isa = PBXBuildFile; fileRef = 2442053F2411204C00E442C6 /* UIDevice+Add.m */; };
		2442058E2411204C00E442C6 /* UIGestureRecognizer+Add.m in Sources */ = {isa = PBXBuildFile; fileRef = 244205412411204C00E442C6 /* UIGestureRecognizer+Add.m */; };
		2442058F2411204C00E442C6 /* UIScrollView+Add.m in Sources */ = {isa = PBXBuildFile; fileRef = 244205432411204C00E442C6 /* UIScrollView+Add.m */; };
		244205902411204C00E442C6 /* DLPlayer.m in Sources */ = {isa = PBXBuildFile; fileRef = 244205462411204C00E442C6 /* DLPlayer.m */; };
		244205912411204C00E442C6 /* DLAlert.m in Sources */ = {isa = PBXBuildFile; fileRef = 244205492411204C00E442C6 /* DLAlert.m */; };
		244205922411204C00E442C6 /* DLColor.m in Sources */ = {isa = PBXBuildFile; fileRef = 2442054B2411204C00E442C6 /* DLColor.m */; };
		244205932411204C00E442C6 /* DLCoreGrapView.m in Sources */ = {isa = PBXBuildFile; fileRef = 2442054D2411204C00E442C6 /* DLCoreGrapView.m */; };
		244205942411204C00E442C6 /* DLJsonToModel.m in Sources */ = {isa = PBXBuildFile; fileRef = 2442054F2411204C00E442C6 /* DLJsonToModel.m */; };
		244205952411204C00E442C6 /* DLLoad.m in Sources */ = {isa = PBXBuildFile; fileRef = 244205512411204C00E442C6 /* DLLoad.m */; };
		244205962411204C00E442C6 /* DLNetworkSpeed.m in Sources */ = {isa = PBXBuildFile; fileRef = 244205532411204C00E442C6 /* DLNetworkSpeed.m */; };
		244205972411204C00E442C6 /* DLNoti.m in Sources */ = {isa = PBXBuildFile; fileRef = 244205552411204C00E442C6 /* DLNoti.m */; };
		244205982411204C00E442C6 /* DLPerformanceLabel.m in Sources */ = {isa = PBXBuildFile; fileRef = 244205572411204C00E442C6 /* DLPerformanceLabel.m */; };
		244205992411204C00E442C6 /* DLThread.m in Sources */ = {isa = PBXBuildFile; fileRef = 244205592411204C00E442C6 /* DLThread.m */; };
		2442059A2411204C00E442C6 /* DLTimer.m in Sources */ = {isa = PBXBuildFile; fileRef = 2442055B2411204C00E442C6 /* DLTimer.m */; };
		2442059B2411204C00E442C6 /* DLTimerButton.m in Sources */ = {isa = PBXBuildFile; fileRef = 2442055D2411204C00E442C6 /* DLTimerButton.m */; };
		2442059C2411204C00E442C6 /* DLWeakProxy.m in Sources */ = {isa = PBXBuildFile; fileRef = 2442055F2411204C00E442C6 /* DLWeakProxy.m */; };
		244205A32411205700E442C6 /* OneViewController.m in Sources */ = {isa = PBXBuildFile; fileRef = 2442059D2411205600E442C6 /* OneViewController.m */; };
		24903BA5241D0B6A00058612 /* DLCache.m in Sources */ = {isa = PBXBuildFile; fileRef = 24903BA4241D0B6A00058612 /* DLCache.m */; };
		24CAA07724178E08005A7C56 /* DLMenu.m in Sources */ = {isa = PBXBuildFile; fileRef = 24CAA07624178E08005A7C56 /* DLMenu.m */; };
		8755A81D2413AB350064E7E4 /* repeatPlay.png in Resources */ = {isa = PBXBuildFile; fileRef = 8755A81C2413AB350064E7E4 /* repeatPlay.png */; };
		8761C1EA241873A100E94C8F /* DLBanner.m in Sources */ = {isa = PBXBuildFile; fileRef = 8761C1E9241873A100E94C8F /* DLBanner.m */; };
		87663A7A241A2A12005052C4 /* DLModelDemo.m in Sources */ = {isa = PBXBuildFile; fileRef = 87663A79241A2A12005052C4 /* DLModelDemo.m */; };
		876F64F5241B183D00C383F5 /* DLCode.m in Sources */ = {isa = PBXBuildFile; fileRef = 876F64F4241B183D00C383F5 /* DLCode.m */; };
		87712A93241C74AD0077A296 /* DLLaunchAd.m in Sources */ = {isa = PBXBuildFile; fileRef = 87712A92241C74AD0077A296 /* DLLaunchAd.m */; };
		87712A99241C7F2E0077A296 /* DLImageCache.m in Sources */ = {isa = PBXBuildFile; fileRef = 87712A98241C7F2E0077A296 /* DLImageCache.m */; };
		87712A9B241C86BD0077A296 /* skipButton_background@3x.png in Resources */ = {isa = PBXBuildFile; fileRef = 87712A9A241C86BD0077A296 /* skipButton_background@3x.png */; };
		87835A28241B2FEF00F5D372 /* return_white@2x.png in Resources */ = {isa = PBXBuildFile; fileRef = 87835A27241B2FEE00F5D372 /* return_white@2x.png */; };
		87835A2C241B36D500F5D372 /* DLAuthority.m in Sources */ = {isa = PBXBuildFile; fileRef = 87835A2B241B36D500F5D372 /* DLAuthority.m */; };
		87C3332E2418E8EF00EE14D9 /* DLSQL.m in Sources */ = {isa = PBXBuildFile; fileRef = 87C3332D2418E8EF00EE14D9 /* DLSQL.m */; };
		87C333312418E92B00EE14D9 /* libsqlite3.tbd in Frameworks */ = {isa = PBXBuildFile; fileRef = 87C333302418E92B00EE14D9 /* libsqlite3.tbd */; };
		87D8DFBD2413E1BF00DCEE30 /* UITableView+SDAutoTableViewCellHeight.m in Sources */ = {isa = PBXBuildFile; fileRef = 87D8DFB92413E1BD00DCEE30 /* UITableView+SDAutoTableViewCellHeight.m */; };
		87D8DFBE2413E1BF00DCEE30 /* UIView+SDAutoLayout.m in Sources */ = {isa = PBXBuildFile; fileRef = 87D8DFBC2413E1BF00DCEE30 /* UIView+SDAutoLayout.m */; };
		87EB52FE24164BA20063D4B1 /* common_refresh_arrow@3x.png in Resources */ = {isa = PBXBuildFile; fileRef = 87EB52FD24164BA20063D4B1 /* common_refresh_arrow@3x.png */; };
/* End PBXBuildFile section */

/* Begin PBXContainerItemProxy section */
		244204CF2411202D00E442C6 /* PBXContainerItemProxy */ = {
			isa = PBXContainerItemProxy;
			containerPortal = 244204AE2411202C00E442C6 /* Project object */;
			proxyType = 1;
			remoteGlobalIDString = 244204B52411202C00E442C6;
			remoteInfo = DLToolDemo;
		};
		244204DA2411202D00E442C6 /* PBXContainerItemProxy */ = {
			isa = PBXContainerItemProxy;
			containerPortal = 244204AE2411202C00E442C6 /* Project object */;
			proxyType = 1;
			remoteGlobalIDString = 244204B52411202C00E442C6;
			remoteInfo = DLToolDemo;
		};
/* End PBXContainerItemProxy section */

/* Begin PBXFileReference section */
		244204B62411202C00E442C6 /* DLToolDemo.app */ = {isa = PBXFileReference; explicitFileType = wrapper.application; includeInIndex = 0; path = DLToolDemo.app; sourceTree = BUILT_PRODUCTS_DIR; };
		244204B92411202C00E442C6 /* AppDelegate.h */ = {isa = PBXFileReference; lastKnownFileType = sourcecode.c.h; path = AppDelegate.h; sourceTree = "<group>"; };
		244204BA2411202C00E442C6 /* AppDelegate.m */ = {isa = PBXFileReference; lastKnownFileType = sourcecode.c.objc; path = AppDelegate.m; sourceTree = "<group>"; };
		244204BC2411202C00E442C6 /* ViewController.h */ = {isa = PBXFileReference; lastKnownFileType = sourcecode.c.h; path = ViewController.h; sourceTree = "<group>"; };
		244204BD2411202C00E442C6 /* ViewController.m */ = {isa = PBXFileReference; lastKnownFileType = sourcecode.c.objc; path = ViewController.m; sourceTree = "<group>"; };
		244204C02411202C00E442C6 /* Base */ = {isa = PBXFileReference; lastKnownFileType = file.storyboard; name = Base; path = Base.lproj/Main.storyboard; sourceTree = "<group>"; };
		244204C22411202C00E442C6 /* Assets.xcassets */ = {isa = PBXFileReference; lastKnownFileType = folder.assetcatalog; path = Assets.xcassets; sourceTree = "<group>"; };
		244204C52411202C00E442C6 /* Base */ = {isa = PBXFileReference; lastKnownFileType = file.storyboard; name = Base; path = Base.lproj/LaunchScreen.storyboard; sourceTree = "<group>"; };
		244204C72411202C00E442C6 /* Info.plist */ = {isa = PBXFileReference; lastKnownFileType = text.plist.xml; path = Info.plist; sourceTree = "<group>"; };
		244204C82411202C00E442C6 /* main.m */ = {isa = PBXFileReference; lastKnownFileType = sourcecode.c.objc; path = main.m; sourceTree = "<group>"; };
		244204CE2411202C00E442C6 /* DLToolDemoTests.xctest */ = {isa = PBXFileReference; explicitFileType = wrapper.cfbundle; includeInIndex = 0; path = DLToolDemoTests.xctest; sourceTree = BUILT_PRODUCTS_DIR; };
		244204D22411202D00E442C6 /* DLToolDemoTests.m */ = {isa = PBXFileReference; lastKnownFileType = sourcecode.c.objc; path = DLToolDemoTests.m; sourceTree = "<group>"; };
		244204D42411202D00E442C6 /* Info.plist */ = {isa = PBXFileReference; lastKnownFileType = text.plist.xml; path = Info.plist; sourceTree = "<group>"; };
		244204D92411202D00E442C6 /* DLToolDemoUITests.xctest */ = {isa = PBXFileReference; explicitFileType = wrapper.cfbundle; includeInIndex = 0; path = DLToolDemoUITests.xctest; sourceTree = BUILT_PRODUCTS_DIR; };
		244204DD2411202D00E442C6 /* DLToolDemoUITests.m */ = {isa = PBXFileReference; lastKnownFileType = sourcecode.c.objc; path = DLToolDemoUITests.m; sourceTree = "<group>"; };
		244204DF2411202D00E442C6 /* Info.plist */ = {isa = PBXFileReference; lastKnownFileType = text.plist.xml; path = Info.plist; sourceTree = "<group>"; };
		244204EC2411204B00E442C6 /* DLDispatchQueuePool.h */ = {isa = PBXFileReference; fileEncoding = 4; lastKnownFileType = sourcecode.c.h; path = DLDispatchQueuePool.h; sourceTree = "<group>"; };
		244204ED2411204B00E442C6 /* DLDispatchQueuePool.m */ = {isa = PBXFileReference; fileEncoding = 4; lastKnownFileType = sourcecode.c.objc; path = DLDispatchQueuePool.m; sourceTree = "<group>"; };
		244204EE2411204B00E442C6 /* DLLayer.h */ = {isa = PBXFileReference; fileEncoding = 4; lastKnownFileType = sourcecode.c.h; path = DLLayer.h; sourceTree = "<group>"; };
		244204EF2411204B00E442C6 /* DLLayer.m */ = {isa = PBXFileReference; fileEncoding = 4; lastKnownFileType = sourcecode.c.objc; path = DLLayer.m; sourceTree = "<group>"; };
		244204F22411204C00E442C6 /* ClarityDefault.png */ = {isa = PBXFileReference; lastKnownFileType = image.png; path = ClarityDefault.png; sourceTree = "<group>"; };
		244204F32411204C00E442C6 /* ClaritySelected.png */ = {isa = PBXFileReference; lastKnownFileType = image.png; path = ClaritySelected.png; sourceTree = "<group>"; };
		244204F42411204C00E442C6 /* close_white.png */ = {isa = PBXFileReference; lastKnownFileType = image.png; path = close_white.png; sourceTree = "<group>"; };
		244204F52411204C00E442C6 /* defaulteImage.png */ = {isa = PBXFileReference; lastKnownFileType = image.png; path = defaulteImage.png; sourceTree = "<group>"; };
		244204F62411204C00E442C6 /* loadFail.png */ = {isa = PBXFileReference; lastKnownFileType = image.png; path = loadFail.png; sourceTree = "<group>"; };
		244204F72411204C00E442C6 /* loading.png */ = {isa = PBXFileReference; lastKnownFileType = image.png; path = loading.png; sourceTree = "<group>"; };
		244204F82411204C00E442C6 /* loadSuccess.png */ = {isa = PBXFileReference; lastKnownFileType = image.png; path = loadSuccess.png; sourceTree = "<group>"; };
		244204F92411204C00E442C6 /* pause.png */ = {isa = PBXFileReference; lastKnownFileType = image.png; path = pause.png; sourceTree = "<group>"; };
		244204FA2411204C00E442C6 /* play.png */ = {isa = PBXFileReference; lastKnownFileType = image.png; path = play.png; sourceTree = "<group>"; };
		244204FB2411204C00E442C6 /* video_bottom_gray.png */ = {isa = PBXFileReference; lastKnownFileType = image.png; path = video_bottom_gray.png; sourceTree = "<group>"; };
		244204FC2411204C00E442C6 /* video_full_screen.png */ = {isa = PBXFileReference; lastKnownFileType = image.png; path = video_full_screen.png; sourceTree = "<group>"; };
		244204FD2411204C00E442C6 /* video_small_screen.png */ = {isa = PBXFileReference; lastKnownFileType = image.png; path = video_small_screen.png; sourceTree = "<group>"; };
		244204FE2411204C00E442C6 /* video_top_gray.png */ = {isa = PBXFileReference; lastKnownFileType = image.png; path = video_top_gray.png; sourceTree = "<group>"; };
		244205012411204C00E442C6 /* DLAutoLayout.h */ = {isa = PBXFileReference; fileEncoding = 4; lastKnownFileType = sourcecode.c.h; path = DLAutoLayout.h; sourceTree = "<group>"; };
		244205022411204C00E442C6 /* DLAutoLayout.m */ = {isa = PBXFileReference; fileEncoding = 4; lastKnownFileType = sourcecode.c.objc; path = DLAutoLayout.m; sourceTree = "<group>"; };
		244205032411204C00E442C6 /* DLConstraintMaker.h */ = {isa = PBXFileReference; fileEncoding = 4; lastKnownFileType = sourcecode.c.h; path = DLConstraintMaker.h; sourceTree = "<group>"; };
		244205042411204C00E442C6 /* DLConstraintMaker.m */ = {isa = PBXFileReference; fileEncoding = 4; lastKnownFileType = sourcecode.c.objc; path = DLConstraintMaker.m; sourceTree = "<group>"; };
		244205062411204C00E442C6 /* DLBaseViewController.h */ = {isa = PBXFileReference; fileEncoding = 4; lastKnownFileType = sourcecode.c.h; path = DLBaseViewController.h; sourceTree = "<group>"; };
		244205072411204C00E442C6 /* DLBaseViewController.m */ = {isa = PBXFileReference; fileEncoding = 4; lastKnownFileType = sourcecode.c.objc; path = DLBaseViewController.m; sourceTree = "<group>"; };
		244205082411204C00E442C6 /* UINavigationController+Add.h */ = {isa = PBXFileReference; fileEncoding = 4; lastKnownFileType = sourcecode.c.h; path = "UINavigationController+Add.h"; sourceTree = "<group>"; };
		244205092411204C00E442C6 /* UINavigationController+Add.m */ = {isa = PBXFileReference; fileEncoding = 4; lastKnownFileType = sourcecode.c.objc; path = "UINavigationController+Add.m"; sourceTree = "<group>"; };
		2442050B2411204C00E442C6 /* DLSafeProtector.h */ = {isa = PBXFileReference; fileEncoding = 4; lastKnownFileType = sourcecode.c.h; path = DLSafeProtector.h; sourceTree = "<group>"; };
		2442050C2411204C00E442C6 /* DLSafeProtector.m */ = {isa = PBXFileReference; fileEncoding = 4; lastKnownFileType = sourcecode.c.objc; path = DLSafeProtector.m; sourceTree = "<group>"; };
		2442050D2411204C00E442C6 /* DLSafeProtectorDefine.h */ = {isa = PBXFileReference; fileEncoding = 4; lastKnownFileType = sourcecode.c.h; path = DLSafeProtectorDefine.h; sourceTree = "<group>"; };
		2442050F2411204C00E442C6 /* UIView+Add.h */ = {isa = PBXFileReference; fileEncoding = 4; lastKnownFileType = sourcecode.c.h; path = "UIView+Add.h"; sourceTree = "<group>"; };
		244205102411204C00E442C6 /* UIView+Add.m */ = {isa = PBXFileReference; fileEncoding = 4; lastKnownFileType = sourcecode.c.objc; path = "UIView+Add.m"; sourceTree = "<group>"; };
		244205122411204C00E442C6 /* DLClassInfo.h */ = {isa = PBXFileReference; fileEncoding = 4; lastKnownFileType = sourcecode.c.h; path = DLClassInfo.h; sourceTree = "<group>"; };
		244205132411204C00E442C6 /* DLClassInfo.m */ = {isa = PBXFileReference; fileEncoding = 4; lastKnownFileType = sourcecode.c.objc; path = DLClassInfo.m; sourceTree = "<group>"; };
		244205142411204C00E442C6 /* NSArray+Add.h */ = {isa = PBXFileReference; fileEncoding = 4; lastKnownFileType = sourcecode.c.h; path = "NSArray+Add.h"; sourceTree = "<group>"; };
		244205152411204C00E442C6 /* NSArray+Add.m */ = {isa = PBXFileReference; fileEncoding = 4; lastKnownFileType = sourcecode.c.objc; path = "NSArray+Add.m"; sourceTree = "<group>"; };
		244205162411204C00E442C6 /* NSAttributedString+Add.h */ = {isa = PBXFileReference; fileEncoding = 4; lastKnownFileType = sourcecode.c.h; path = "NSAttributedString+Add.h"; sourceTree = "<group>"; };
		244205172411204C00E442C6 /* NSAttributedString+Add.m */ = {isa = PBXFileReference; fileEncoding = 4; lastKnownFileType = sourcecode.c.objc; path = "NSAttributedString+Add.m"; sourceTree = "<group>"; };
		244205182411204C00E442C6 /* NSCache+Add.h */ = {isa = PBXFileReference; fileEncoding = 4; lastKnownFileType = sourcecode.c.h; path = "NSCache+Add.h"; sourceTree = "<group>"; };
		244205192411204C00E442C6 /* NSCache+Add.m */ = {isa = PBXFileReference; fileEncoding = 4; lastKnownFileType = sourcecode.c.objc; path = "NSCache+Add.m"; sourceTree = "<group>"; };
		2442051A2411204C00E442C6 /* NSData+Add.h */ = {isa = PBXFileReference; fileEncoding = 4; lastKnownFileType = sourcecode.c.h; path = "NSData+Add.h"; sourceTree = "<group>"; };
		2442051B2411204C00E442C6 /* NSData+Add.m */ = {isa = PBXFileReference; fileEncoding = 4; lastKnownFileType = sourcecode.c.objc; path = "NSData+Add.m"; sourceTree = "<group>"; };
		2442051C2411204C00E442C6 /* NSDate+Add.h */ = {isa = PBXFileReference; fileEncoding = 4; lastKnownFileType = sourcecode.c.h; path = "NSDate+Add.h"; sourceTree = "<group>"; };
		2442051D2411204C00E442C6 /* NSDate+Add.m */ = {isa = PBXFileReference; fileEncoding = 4; lastKnownFileType = sourcecode.c.objc; path = "NSDate+Add.m"; sourceTree = "<group>"; };
		2442051E2411204C00E442C6 /* NSDictionary+Add.h */ = {isa = PBXFileReference; fileEncoding = 4; lastKnownFileType = sourcecode.c.h; path = "NSDictionary+Add.h"; sourceTree = "<group>"; };
		2442051F2411204C00E442C6 /* NSDictionary+Add.m */ = {isa = PBXFileReference; fileEncoding = 4; lastKnownFileType = sourcecode.c.objc; path = "NSDictionary+Add.m"; sourceTree = "<group>"; };
		244205202411204C00E442C6 /* NSMutableArray+Add.h */ = {isa = PBXFileReference; fileEncoding = 4; lastKnownFileType = sourcecode.c.h; path = "NSMutableArray+Add.h"; sourceTree = "<group>"; };
		244205212411204C00E442C6 /* NSMutableArray+Add.m */ = {isa = PBXFileReference; fileEncoding = 4; lastKnownFileType = sourcecode.c.objc; path = "NSMutableArray+Add.m"; sourceTree = "<group>"; };
		244205222411204C00E442C6 /* NSMutableAttributedString+Add.h */ = {isa = PBXFileReference; fileEncoding = 4; lastKnownFileType = sourcecode.c.h; path = "NSMutableAttributedString+Add.h"; sourceTree = "<group>"; };
		244205232411204C00E442C6 /* NSMutableAttributedString+Add.m */ = {isa = PBXFileReference; fileEncoding = 4; lastKnownFileType = sourcecode.c.objc; path = "NSMutableAttributedString+Add.m"; sourceTree = "<group>"; };
		244205242411204C00E442C6 /* NSMutableData+Add.h */ = {isa = PBXFileReference; fileEncoding = 4; lastKnownFileType = sourcecode.c.h; path = "NSMutableData+Add.h"; sourceTree = "<group>"; };
		244205252411204C00E442C6 /* NSMutableData+Add.m */ = {isa = PBXFileReference; fileEncoding = 4; lastKnownFileType = sourcecode.c.objc; path = "NSMutableData+Add.m"; sourceTree = "<group>"; };
		244205262411204C00E442C6 /* NSMutableDictionary+Add.h */ = {isa = PBXFileReference; fileEncoding = 4; lastKnownFileType = sourcecode.c.h; path = "NSMutableDictionary+Add.h"; sourceTree = "<group>"; };
		244205272411204C00E442C6 /* NSMutableDictionary+Add.m */ = {isa = PBXFileReference; fileEncoding = 4; lastKnownFileType = sourcecode.c.objc; path = "NSMutableDictionary+Add.m"; sourceTree = "<group>"; };
		244205282411204C00E442C6 /* NSMutableOrderedSet+Add.h */ = {isa = PBXFileReference; fileEncoding = 4; lastKnownFileType = sourcecode.c.h; path = "NSMutableOrderedSet+Add.h"; sourceTree = "<group>"; };
		244205292411204C00E442C6 /* NSMutableOrderedSet+Add.m */ = {isa = PBXFileReference; fileEncoding = 4; lastKnownFileType = sourcecode.c.objc; path = "NSMutableOrderedSet+Add.m"; sourceTree = "<group>"; };
		2442052A2411204C00E442C6 /* NSMutableSet+Add.h */ = {isa = PBXFileReference; fileEncoding = 4; lastKnownFileType = sourcecode.c.h; path = "NSMutableSet+Add.h"; sourceTree = "<group>"; };
		2442052B2411204C00E442C6 /* NSMutableSet+Add.m */ = {isa = PBXFileReference; fileEncoding = 4; lastKnownFileType = sourcecode.c.objc; path = "NSMutableSet+Add.m"; sourceTree = "<group>"; };
		2442052C2411204C00E442C6 /* NSMutableString+Add.h */ = {isa = PBXFileReference; fileEncoding = 4; lastKnownFileType = sourcecode.c.h; path = "NSMutableString+Add.h"; sourceTree = "<group>"; };
		2442052D2411204C00E442C6 /* NSMutableString+Add.m */ = {isa = PBXFileReference; fileEncoding = 4; lastKnownFileType = sourcecode.c.objc; path = "NSMutableString+Add.m"; sourceTree = "<group>"; };
		2442052E2411204C00E442C6 /* NSNotificationCenter+Add.h */ = {isa = PBXFileReference; fileEncoding = 4; lastKnownFileType = sourcecode.c.h; path = "NSNotificationCenter+Add.h"; sourceTree = "<group>"; };
		2442052F2411204C00E442C6 /* NSNotificationCenter+Add.m */ = {isa = PBXFileReference; fileEncoding = 4; lastKnownFileType = sourcecode.c.objc; path = "NSNotificationCenter+Add.m"; sourceTree = "<group>"; };
		244205302411204C00E442C6 /* NSObject+Add.h */ = {isa = PBXFileReference; fileEncoding = 4; lastKnownFileType = sourcecode.c.h; path = "NSObject+Add.h"; sourceTree = "<group>"; };
		244205312411204C00E442C6 /* NSObject+Add.m */ = {isa = PBXFileReference; fileEncoding = 4; lastKnownFileType = sourcecode.c.objc; path = "NSObject+Add.m"; sourceTree = "<group>"; };
		244205322411204C00E442C6 /* NSOrderedSet+Add.h */ = {isa = PBXFileReference; fileEncoding = 4; lastKnownFileType = sourcecode.c.h; path = "NSOrderedSet+Add.h"; sourceTree = "<group>"; };
		244205332411204C00E442C6 /* NSOrderedSet+Add.m */ = {isa = PBXFileReference; fileEncoding = 4; lastKnownFileType = sourcecode.c.objc; path = "NSOrderedSet+Add.m"; sourceTree = "<group>"; };
		244205342411204C00E442C6 /* NSSet+Add.h */ = {isa = PBXFileReference; fileEncoding = 4; lastKnownFileType = sourcecode.c.h; path = "NSSet+Add.h"; sourceTree = "<group>"; };
		244205352411204C00E442C6 /* NSSet+Add.m */ = {isa = PBXFileReference; fileEncoding = 4; lastKnownFileType = sourcecode.c.objc; path = "NSSet+Add.m"; sourceTree = "<group>"; };
		244205362411204C00E442C6 /* NSString+Add.h */ = {isa = PBXFileReference; fileEncoding = 4; lastKnownFileType = sourcecode.c.h; path = "NSString+Add.h"; sourceTree = "<group>"; };
		244205372411204C00E442C6 /* NSString+Add.m */ = {isa = PBXFileReference; fileEncoding = 4; lastKnownFileType = sourcecode.c.objc; path = "NSString+Add.m"; sourceTree = "<group>"; };
		244205382411204C00E442C6 /* NSUserDefaults+Add.h */ = {isa = PBXFileReference; fileEncoding = 4; lastKnownFileType = sourcecode.c.h; path = "NSUserDefaults+Add.h"; sourceTree = "<group>"; };
		244205392411204C00E442C6 /* NSUserDefaults+Add.m */ = {isa = PBXFileReference; fileEncoding = 4; lastKnownFileType = sourcecode.c.objc; path = "NSUserDefaults+Add.m"; sourceTree = "<group>"; };
		2442053A2411204C00E442C6 /* UIApplication+Add.h */ = {isa = PBXFileReference; fileEncoding = 4; lastKnownFileType = sourcecode.c.h; path = "UIApplication+Add.h"; sourceTree = "<group>"; };
		2442053B2411204C00E442C6 /* UIApplication+Add.m */ = {isa = PBXFileReference; fileEncoding = 4; lastKnownFileType = sourcecode.c.objc; path = "UIApplication+Add.m"; sourceTree = "<group>"; };
		2442053C2411204C00E442C6 /* UIControl+Add.h */ = {isa = PBXFileReference; fileEncoding = 4; lastKnownFileType = sourcecode.c.h; path = "UIControl+Add.h"; sourceTree = "<group>"; };
		2442053D2411204C00E442C6 /* UIControl+Add.m */ = {isa = PBXFileReference; fileEncoding = 4; lastKnownFileType = sourcecode.c.objc; path = "UIControl+Add.m"; sourceTree = "<group>"; };
		2442053E2411204C00E442C6 /* UIDevice+Add.h */ = {isa = PBXFileReference; fileEncoding = 4; lastKnownFileType = sourcecode.c.h; path = "UIDevice+Add.h"; sourceTree = "<group>"; };
		2442053F2411204C00E442C6 /* UIDevice+Add.m */ = {isa = PBXFileReference; fileEncoding = 4; lastKnownFileType = sourcecode.c.objc; path = "UIDevice+Add.m"; sourceTree = "<group>"; };
		244205402411204C00E442C6 /* UIGestureRecognizer+Add.h */ = {isa = PBXFileReference; fileEncoding = 4; lastKnownFileType = sourcecode.c.h; path = "UIGestureRecognizer+Add.h"; sourceTree = "<group>"; };
		244205412411204C00E442C6 /* UIGestureRecognizer+Add.m */ = {isa = PBXFileReference; fileEncoding = 4; lastKnownFileType = sourcecode.c.objc; path = "UIGestureRecognizer+Add.m"; sourceTree = "<group>"; };
		244205422411204C00E442C6 /* UIScrollView+Add.h */ = {isa = PBXFileReference; fileEncoding = 4; lastKnownFileType = sourcecode.c.h; path = "UIScrollView+Add.h"; sourceTree = "<group>"; };
		244205432411204C00E442C6 /* UIScrollView+Add.m */ = {isa = PBXFileReference; fileEncoding = 4; lastKnownFileType = sourcecode.c.objc; path = "UIScrollView+Add.m"; sourceTree = "<group>"; };
		244205452411204C00E442C6 /* DLPlayer.h */ = {isa = PBXFileReference; fileEncoding = 4; lastKnownFileType = sourcecode.c.h; path = DLPlayer.h; sourceTree = "<group>"; };
		244205462411204C00E442C6 /* DLPlayer.m */ = {isa = PBXFileReference; fileEncoding = 4; lastKnownFileType = sourcecode.c.objc; path = DLPlayer.m; sourceTree = "<group>"; };
		244205482411204C00E442C6 /* DLAlert.h */ = {isa = PBXFileReference; fileEncoding = 4; lastKnownFileType = sourcecode.c.h; path = DLAlert.h; sourceTree = "<group>"; };
		244205492411204C00E442C6 /* DLAlert.m */ = {isa = PBXFileReference; fileEncoding = 4; lastKnownFileType = sourcecode.c.objc; path = DLAlert.m; sourceTree = "<group>"; };
		2442054A2411204C00E442C6 /* DLColor.h */ = {isa = PBXFileReference; fileEncoding = 4; lastKnownFileType = sourcecode.c.h; path = DLColor.h; sourceTree = "<group>"; };
		2442054B2411204C00E442C6 /* DLColor.m */ = {isa = PBXFileReference; fileEncoding = 4; lastKnownFileType = sourcecode.c.objc; path = DLColor.m; sourceTree = "<group>"; };
		2442054C2411204C00E442C6 /* DLCoreGrapView.h */ = {isa = PBXFileReference; fileEncoding = 4; lastKnownFileType = sourcecode.c.h; path = DLCoreGrapView.h; sourceTree = "<group>"; };
		2442054D2411204C00E442C6 /* DLCoreGrapView.m */ = {isa = PBXFileReference; fileEncoding = 4; lastKnownFileType = sourcecode.c.objc; path = DLCoreGrapView.m; sourceTree = "<group>"; };
		2442054E2411204C00E442C6 /* DLJsonToModel.h */ = {isa = PBXFileReference; fileEncoding = 4; lastKnownFileType = sourcecode.c.h; path = DLJsonToModel.h; sourceTree = "<group>"; };
		2442054F2411204C00E442C6 /* DLJsonToModel.m */ = {isa = PBXFileReference; fileEncoding = 4; lastKnownFileType = sourcecode.c.objc; path = DLJsonToModel.m; sourceTree = "<group>"; };
		244205502411204C00E442C6 /* DLLoad.h */ = {isa = PBXFileReference; fileEncoding = 4; lastKnownFileType = sourcecode.c.h; path = DLLoad.h; sourceTree = "<group>"; };
		244205512411204C00E442C6 /* DLLoad.m */ = {isa = PBXFileReference; fileEncoding = 4; lastKnownFileType = sourcecode.c.objc; path = DLLoad.m; sourceTree = "<group>"; };
		244205522411204C00E442C6 /* DLNetworkSpeed.h */ = {isa = PBXFileReference; fileEncoding = 4; lastKnownFileType = sourcecode.c.h; path = DLNetworkSpeed.h; sourceTree = "<group>"; };
		244205532411204C00E442C6 /* DLNetworkSpeed.m */ = {isa = PBXFileReference; fileEncoding = 4; lastKnownFileType = sourcecode.c.objc; path = DLNetworkSpeed.m; sourceTree = "<group>"; };
		244205542411204C00E442C6 /* DLNoti.h */ = {isa = PBXFileReference; fileEncoding = 4; lastKnownFileType = sourcecode.c.h; path = DLNoti.h; sourceTree = "<group>"; };
		244205552411204C00E442C6 /* DLNoti.m */ = {isa = PBXFileReference; fileEncoding = 4; lastKnownFileType = sourcecode.c.objc; path = DLNoti.m; sourceTree = "<group>"; };
		244205562411204C00E442C6 /* DLPerformanceLabel.h */ = {isa = PBXFileReference; fileEncoding = 4; lastKnownFileType = sourcecode.c.h; path = DLPerformanceLabel.h; sourceTree = "<group>"; };
		244205572411204C00E442C6 /* DLPerformanceLabel.m */ = {isa = PBXFileReference; fileEncoding = 4; lastKnownFileType = sourcecode.c.objc; path = DLPerformanceLabel.m; sourceTree = "<group>"; };
		244205582411204C00E442C6 /* DLThread.h */ = {isa = PBXFileReference; fileEncoding = 4; lastKnownFileType = sourcecode.c.h; path = DLThread.h; sourceTree = "<group>"; };
		244205592411204C00E442C6 /* DLThread.m */ = {isa = PBXFileReference; fileEncoding = 4; lastKnownFileType = sourcecode.c.objc; path = DLThread.m; sourceTree = "<group>"; };
		2442055A2411204C00E442C6 /* DLTimer.h */ = {isa = PBXFileReference; fileEncoding = 4; lastKnownFileType = sourcecode.c.h; path = DLTimer.h; sourceTree = "<group>"; };
		2442055B2411204C00E442C6 /* DLTimer.m */ = {isa = PBXFileReference; fileEncoding = 4; lastKnownFileType = sourcecode.c.objc; path = DLTimer.m; sourceTree = "<group>"; };
		2442055C2411204C00E442C6 /* DLTimerButton.h */ = {isa = PBXFileReference; fileEncoding = 4; lastKnownFileType = sourcecode.c.h; path = DLTimerButton.h; sourceTree = "<group>"; };
		2442055D2411204C00E442C6 /* DLTimerButton.m */ = {isa = PBXFileReference; fileEncoding = 4; lastKnownFileType = sourcecode.c.objc; path = DLTimerButton.m; sourceTree = "<group>"; };
		2442055E2411204C00E442C6 /* DLWeakProxy.h */ = {isa = PBXFileReference; fileEncoding = 4; lastKnownFileType = sourcecode.c.h; path = DLWeakProxy.h; sourceTree = "<group>"; };
		2442055F2411204C00E442C6 /* DLWeakProxy.m */ = {isa = PBXFileReference; fileEncoding = 4; lastKnownFileType = sourcecode.c.objc; path = DLWeakProxy.m; sourceTree = "<group>"; };
		244205602411204C00E442C6 /* DLTool.h */ = {isa = PBXFileReference; fileEncoding = 4; lastKnownFileType = sourcecode.c.h; path = DLTool.h; sourceTree = "<group>"; };
		244205612411204C00E442C6 /* DLToolMacro.h */ = {isa = PBXFileReference; fileEncoding = 4; lastKnownFileType = sourcecode.c.h; path = DLToolMacro.h; sourceTree = "<group>"; };
		2442059D2411205600E442C6 /* OneViewController.m */ = {isa = PBXFileReference; fileEncoding = 4; lastKnownFileType = sourcecode.c.objc; path = OneViewController.m; sourceTree = "<group>"; };
		2442059F2411205600E442C6 /* OneViewController.h */ = {isa = PBXFileReference; fileEncoding = 4; lastKnownFileType = sourcecode.c.h; path = OneViewController.h; sourceTree = "<group>"; };
		24903BA3241D0B6A00058612 /* DLCache.h */ = {isa = PBXFileReference; lastKnownFileType = sourcecode.c.h; path = DLCache.h; sourceTree = "<group>"; };
		24903BA4241D0B6A00058612 /* DLCache.m */ = {isa = PBXFileReference; lastKnownFileType = sourcecode.c.objc; path = DLCache.m; sourceTree = "<group>"; };
		24CAA07524178E08005A7C56 /* DLMenu.h */ = {isa = PBXFileReference; lastKnownFileType = sourcecode.c.h; path = DLMenu.h; sourceTree = "<group>"; };
		24CAA07624178E08005A7C56 /* DLMenu.m */ = {isa = PBXFileReference; lastKnownFileType = sourcecode.c.objc; path = DLMenu.m; sourceTree = "<group>"; };
		8755A81C2413AB350064E7E4 /* repeatPlay.png */ = {isa = PBXFileReference; lastKnownFileType = image.png; path = repeatPlay.png; sourceTree = "<group>"; };
		8761C1E8241873A100E94C8F /* DLBanner.h */ = {isa = PBXFileReference; lastKnownFileType = sourcecode.c.h; path = DLBanner.h; sourceTree = "<group>"; };
		8761C1E9241873A100E94C8F /* DLBanner.m */ = {isa = PBXFileReference; lastKnownFileType = sourcecode.c.objc; path = DLBanner.m; sourceTree = "<group>"; };
		87663A78241A2A12005052C4 /* DLModelDemo.h */ = {isa = PBXFileReference; lastKnownFileType = sourcecode.c.h; path = DLModelDemo.h; sourceTree = "<group>"; };
		87663A79241A2A12005052C4 /* DLModelDemo.m */ = {isa = PBXFileReference; lastKnownFileType = sourcecode.c.objc; path = DLModelDemo.m; sourceTree = "<group>"; };
		876F64F3241B183D00C383F5 /* DLCode.h */ = {isa = PBXFileReference; lastKnownFileType = sourcecode.c.h; path = DLCode.h; sourceTree = "<group>"; };
		876F64F4241B183D00C383F5 /* DLCode.m */ = {isa = PBXFileReference; lastKnownFileType = sourcecode.c.objc; path = DLCode.m; sourceTree = "<group>"; };
		87712A91241C74AD0077A296 /* DLLaunchAd.h */ = {isa = PBXFileReference; lastKnownFileType = sourcecode.c.h; path = DLLaunchAd.h; sourceTree = "<group>"; };
		87712A92241C74AD0077A296 /* DLLaunchAd.m */ = {isa = PBXFileReference; lastKnownFileType = sourcecode.c.objc; path = DLLaunchAd.m; sourceTree = "<group>"; };
		87712A97241C7F2E0077A296 /* DLImageCache.h */ = {isa = PBXFileReference; lastKnownFileType = sourcecode.c.h; path = DLImageCache.h; sourceTree = "<group>"; };
		87712A98241C7F2E0077A296 /* DLImageCache.m */ = {isa = PBXFileReference; lastKnownFileType = sourcecode.c.objc; path = DLImageCache.m; sourceTree = "<group>"; };
		87712A9A241C86BD0077A296 /* skipButton_background@3x.png */ = {isa = PBXFileReference; lastKnownFileType = image.png; path = "skipButton_background@3x.png"; sourceTree = "<group>"; };
		87835A27241B2FEE00F5D372 /* return_white@2x.png */ = {isa = PBXFileReference; lastKnownFileType = image.png; path = "return_white@2x.png"; sourceTree = "<group>"; };
		87835A2A241B36D500F5D372 /* DLAuthority.h */ = {isa = PBXFileReference; lastKnownFileType = sourcecode.c.h; path = DLAuthority.h; sourceTree = "<group>"; };
		87835A2B241B36D500F5D372 /* DLAuthority.m */ = {isa = PBXFileReference; lastKnownFileType = sourcecode.c.objc; path = DLAuthority.m; sourceTree = "<group>"; };
		87C3332C2418E8EF00EE14D9 /* DLSQL.h */ = {isa = PBXFileReference; lastKnownFileType = sourcecode.c.h; path = DLSQL.h; sourceTree = "<group>"; };
		87C3332D2418E8EF00EE14D9 /* DLSQL.m */ = {isa = PBXFileReference; lastKnownFileType = sourcecode.c.objc; path = DLSQL.m; sourceTree = "<group>"; };
		87C333302418E92B00EE14D9 /* libsqlite3.tbd */ = {isa = PBXFileReference; lastKnownFileType = "sourcecode.text-based-dylib-definition"; name = libsqlite3.tbd; path = usr/lib/libsqlite3.tbd; sourceTree = SDKROOT; };
		87D8DFB92413E1BD00DCEE30 /* UITableView+SDAutoTableViewCellHeight.m */ = {isa = PBXFileReference; fileEncoding = 4; lastKnownFileType = sourcecode.c.objc; path = "UITableView+SDAutoTableViewCellHeight.m"; sourceTree = "<group>"; };
		87D8DFBA2413E1BE00DCEE30 /* UITableView+SDAutoTableViewCellHeight.h */ = {isa = PBXFileReference; fileEncoding = 4; lastKnownFileType = sourcecode.c.h; path = "UITableView+SDAutoTableViewCellHeight.h"; sourceTree = "<group>"; };
		87D8DFBB2413E1BE00DCEE30 /* UIView+SDAutoLayout.h */ = {isa = PBXFileReference; fileEncoding = 4; lastKnownFileType = sourcecode.c.h; path = "UIView+SDAutoLayout.h"; sourceTree = "<group>"; };
		87D8DFBC2413E1BF00DCEE30 /* UIView+SDAutoLayout.m */ = {isa = PBXFileReference; fileEncoding = 4; lastKnownFileType = sourcecode.c.objc; path = "UIView+SDAutoLayout.m"; sourceTree = "<group>"; };
		87EB52FD24164BA20063D4B1 /* common_refresh_arrow@3x.png */ = {isa = PBXFileReference; lastKnownFileType = image.png; path = "common_refresh_arrow@3x.png"; sourceTree = "<group>"; };
/* End PBXFileReference section */

/* Begin PBXFrameworksBuildPhase section */
		244204B32411202C00E442C6 /* Frameworks */ = {
			isa = PBXFrameworksBuildPhase;
			buildActionMask = 2147483647;
			files = (
				87C333312418E92B00EE14D9 /* libsqlite3.tbd in Frameworks */,
			);
			runOnlyForDeploymentPostprocessing = 0;
		};
		244204CB2411202C00E442C6 /* Frameworks */ = {
			isa = PBXFrameworksBuildPhase;
			buildActionMask = 2147483647;
			files = (
			);
			runOnlyForDeploymentPostprocessing = 0;
		};
		244204D62411202D00E442C6 /* Frameworks */ = {
			isa = PBXFrameworksBuildPhase;
			buildActionMask = 2147483647;
			files = (
			);
			runOnlyForDeploymentPostprocessing = 0;
		};
/* End PBXFrameworksBuildPhase section */

/* Begin PBXGroup section */
		244204AD2411202C00E442C6 = {
			isa = PBXGroup;
			children = (
				244204B82411202C00E442C6 /* DLToolDemo */,
				244204D12411202D00E442C6 /* DLToolDemoTests */,
				244204DC2411202D00E442C6 /* DLToolDemoUITests */,
				244204B72411202C00E442C6 /* Products */,
				87C3332F2418E92B00EE14D9 /* Frameworks */,
			);
			sourceTree = "<group>";
		};
		244204B72411202C00E442C6 /* Products */ = {
			isa = PBXGroup;
			children = (
				244204B62411202C00E442C6 /* DLToolDemo.app */,
				244204CE2411202C00E442C6 /* DLToolDemoTests.xctest */,
				244204D92411202D00E442C6 /* DLToolDemoUITests.xctest */,
			);
			name = Products;
			sourceTree = "<group>";
		};
		244204B82411202C00E442C6 /* DLToolDemo */ = {
			isa = PBXGroup;
			children = (
				244204B92411202C00E442C6 /* AppDelegate.h */,
				244204BA2411202C00E442C6 /* AppDelegate.m */,
				244204BC2411202C00E442C6 /* ViewController.h */,
				244204BD2411202C00E442C6 /* ViewController.m */,
				87663A78241A2A12005052C4 /* DLModelDemo.h */,
				87663A79241A2A12005052C4 /* DLModelDemo.m */,
				2442059F2411205600E442C6 /* OneViewController.h */,
				2442059D2411205600E442C6 /* OneViewController.m */,
				244204EB2411204B00E442C6 /* Demo */,
				244204F02411204C00E442C6 /* DLTool */,
				244204BF2411202C00E442C6 /* Main.storyboard */,
				244204C22411202C00E442C6 /* Assets.xcassets */,
				244204C42411202C00E442C6 /* LaunchScreen.storyboard */,
				244204C72411202C00E442C6 /* Info.plist */,
				244204C82411202C00E442C6 /* main.m */,
			);
			path = DLToolDemo;
			sourceTree = "<group>";
		};
		244204D12411202D00E442C6 /* DLToolDemoTests */ = {
			isa = PBXGroup;
			children = (
				244204D22411202D00E442C6 /* DLToolDemoTests.m */,
				244204D42411202D00E442C6 /* Info.plist */,
			);
			path = DLToolDemoTests;
			sourceTree = "<group>";
		};
		244204DC2411202D00E442C6 /* DLToolDemoUITests */ = {
			isa = PBXGroup;
			children = (
				244204DD2411202D00E442C6 /* DLToolDemoUITests.m */,
				244204DF2411202D00E442C6 /* Info.plist */,
			);
			path = DLToolDemoUITests;
			sourceTree = "<group>";
		};
		244204EB2411204B00E442C6 /* Demo */ = {
			isa = PBXGroup;
			children = (
				244204EC2411204B00E442C6 /* DLDispatchQueuePool.h */,
				244204ED2411204B00E442C6 /* DLDispatchQueuePool.m */,
				244204EE2411204B00E442C6 /* DLLayer.h */,
				244204EF2411204B00E442C6 /* DLLayer.m */,
				87D8DFBA2413E1BE00DCEE30 /* UITableView+SDAutoTableViewCellHeight.h */,
				87D8DFB92413E1BD00DCEE30 /* UITableView+SDAutoTableViewCellHeight.m */,
				87D8DFBB2413E1BE00DCEE30 /* UIView+SDAutoLayout.h */,
				87D8DFBC2413E1BF00DCEE30 /* UIView+SDAutoLayout.m */,
				8761C1E8241873A100E94C8F /* DLBanner.h */,
				8761C1E9241873A100E94C8F /* DLBanner.m */,
			);
			path = Demo;
			sourceTree = "<group>";
		};
		244204F02411204C00E442C6 /* DLTool */ = {
			isa = PBXGroup;
			children = (
				244204F12411204C00E442C6 /* Assets */,
				244204FF2411204C00E442C6 /* Classes */,
			);
			path = DLTool;
			sourceTree = "<group>";
		};
		244204F12411204C00E442C6 /* Assets */ = {
			isa = PBXGroup;
			children = (
				87712A9A241C86BD0077A296 /* skipButton_background@3x.png */,
				87835A27241B2FEE00F5D372 /* return_white@2x.png */,
				87EB52FD24164BA20063D4B1 /* common_refresh_arrow@3x.png */,
				244204F22411204C00E442C6 /* ClarityDefault.png */,
				244204F32411204C00E442C6 /* ClaritySelected.png */,
				244204F42411204C00E442C6 /* close_white.png */,
				244204F52411204C00E442C6 /* defaulteImage.png */,
				244204F62411204C00E442C6 /* loadFail.png */,
				244204F72411204C00E442C6 /* loading.png */,
				244204F82411204C00E442C6 /* loadSuccess.png */,
				244204F92411204C00E442C6 /* pause.png */,
				8755A81C2413AB350064E7E4 /* repeatPlay.png */,
				244204FA2411204C00E442C6 /* play.png */,
				244204FB2411204C00E442C6 /* video_bottom_gray.png */,
				244204FC2411204C00E442C6 /* video_full_screen.png */,
				244204FD2411204C00E442C6 /* video_small_screen.png */,
				244204FE2411204C00E442C6 /* video_top_gray.png */,
			);
			path = Assets;
			sourceTree = "<group>";
		};
		244204FF2411204C00E442C6 /* Classes */ = {
			isa = PBXGroup;
			children = (
				87835A29241B33F200F5D372 /* DLKeyboard */,
				244205002411204C00E442C6 /* DLAutoLayout */,
				244205052411204C00E442C6 /* DLBaseViewControl */,
				2442050A2411204C00E442C6 /* DLCrash */,
				2442050E2411204C00E442C6 /* DLKit */,
				244205112411204C00E442C6 /* DLObject */,
				244205442411204C00E442C6 /* DLPlayer */,
				244205472411204C00E442C6 /* DLTool */,
				244205602411204C00E442C6 /* DLTool.h */,
				244205612411204C00E442C6 /* DLToolMacro.h */,
			);
			path = Classes;
			sourceTree = "<group>";
		};
		244205002411204C00E442C6 /* DLAutoLayout */ = {
			isa = PBXGroup;
			children = (
				244205012411204C00E442C6 /* DLAutoLayout.h */,
				244205022411204C00E442C6 /* DLAutoLayout.m */,
				244205032411204C00E442C6 /* DLConstraintMaker.h */,
				244205042411204C00E442C6 /* DLConstraintMaker.m */,
			);
			path = DLAutoLayout;
			sourceTree = "<group>";
		};
		244205052411204C00E442C6 /* DLBaseViewControl */ = {
			isa = PBXGroup;
			children = (
				244205062411204C00E442C6 /* DLBaseViewController.h */,
				244205072411204C00E442C6 /* DLBaseViewController.m */,
				244205082411204C00E442C6 /* UINavigationController+Add.h */,
				244205092411204C00E442C6 /* UINavigationController+Add.m */,
			);
			path = DLBaseViewControl;
			sourceTree = "<group>";
		};
		2442050A2411204C00E442C6 /* DLCrash */ = {
			isa = PBXGroup;
			children = (
				2442050B2411204C00E442C6 /* DLSafeProtector.h */,
				2442050C2411204C00E442C6 /* DLSafeProtector.m */,
				2442050D2411204C00E442C6 /* DLSafeProtectorDefine.h */,
			);
			path = DLCrash;
			sourceTree = "<group>";
		};
		2442050E2411204C00E442C6 /* DLKit */ = {
			isa = PBXGroup;
			children = (
				2442050F2411204C00E442C6 /* UIView+Add.h */,
				244205102411204C00E442C6 /* UIView+Add.m */,
			);
			path = DLKit;
			sourceTree = "<group>";
		};
		244205112411204C00E442C6 /* DLObject */ = {
			isa = PBXGroup;
			children = (
				244205122411204C00E442C6 /* DLClassInfo.h */,
				244205132411204C00E442C6 /* DLClassInfo.m */,
				244205142411204C00E442C6 /* NSArray+Add.h */,
				244205152411204C00E442C6 /* NSArray+Add.m */,
				244205162411204C00E442C6 /* NSAttributedString+Add.h */,
				244205172411204C00E442C6 /* NSAttributedString+Add.m */,
				244205182411204C00E442C6 /* NSCache+Add.h */,
				244205192411204C00E442C6 /* NSCache+Add.m */,
				2442051A2411204C00E442C6 /* NSData+Add.h */,
				2442051B2411204C00E442C6 /* NSData+Add.m */,
				2442051C2411204C00E442C6 /* NSDate+Add.h */,
				2442051D2411204C00E442C6 /* NSDate+Add.m */,
				2442051E2411204C00E442C6 /* NSDictionary+Add.h */,
				2442051F2411204C00E442C6 /* NSDictionary+Add.m */,
				244205202411204C00E442C6 /* NSMutableArray+Add.h */,
				244205212411204C00E442C6 /* NSMutableArray+Add.m */,
				244205222411204C00E442C6 /* NSMutableAttributedString+Add.h */,
				244205232411204C00E442C6 /* NSMutableAttributedString+Add.m */,
				244205242411204C00E442C6 /* NSMutableData+Add.h */,
				244205252411204C00E442C6 /* NSMutableData+Add.m */,
				244205262411204C00E442C6 /* NSMutableDictionary+Add.h */,
				244205272411204C00E442C6 /* NSMutableDictionary+Add.m */,
				244205282411204C00E442C6 /* NSMutableOrderedSet+Add.h */,
				244205292411204C00E442C6 /* NSMutableOrderedSet+Add.m */,
				2442052A2411204C00E442C6 /* NSMutableSet+Add.h */,
				2442052B2411204C00E442C6 /* NSMutableSet+Add.m */,
				2442052C2411204C00E442C6 /* NSMutableString+Add.h */,
				2442052D2411204C00E442C6 /* NSMutableString+Add.m */,
				2442052E2411204C00E442C6 /* NSNotificationCenter+Add.h */,
				2442052F2411204C00E442C6 /* NSNotificationCenter+Add.m */,
				244205302411204C00E442C6 /* NSObject+Add.h */,
				244205312411204C00E442C6 /* NSObject+Add.m */,
				244205322411204C00E442C6 /* NSOrderedSet+Add.h */,
				244205332411204C00E442C6 /* NSOrderedSet+Add.m */,
				244205342411204C00E442C6 /* NSSet+Add.h */,
				244205352411204C00E442C6 /* NSSet+Add.m */,
				244205362411204C00E442C6 /* NSString+Add.h */,
				244205372411204C00E442C6 /* NSString+Add.m */,
				244205382411204C00E442C6 /* NSUserDefaults+Add.h */,
				244205392411204C00E442C6 /* NSUserDefaults+Add.m */,
				2442053A2411204C00E442C6 /* UIApplication+Add.h */,
				2442053B2411204C00E442C6 /* UIApplication+Add.m */,
				2442053C2411204C00E442C6 /* UIControl+Add.h */,
				2442053D2411204C00E442C6 /* UIControl+Add.m */,
				2442053E2411204C00E442C6 /* UIDevice+Add.h */,
				2442053F2411204C00E442C6 /* UIDevice+Add.m */,
				244205402411204C00E442C6 /* UIGestureRecognizer+Add.h */,
				244205412411204C00E442C6 /* UIGestureRecognizer+Add.m */,
				244205422411204C00E442C6 /* UIScrollView+Add.h */,
				244205432411204C00E442C6 /* UIScrollView+Add.m */,
			);
			path = DLObject;
			sourceTree = "<group>";
		};
		244205442411204C00E442C6 /* DLPlayer */ = {
			isa = PBXGroup;
			children = (
				244205452411204C00E442C6 /* DLPlayer.h */,
				244205462411204C00E442C6 /* DLPlayer.m */,
			);
			path = DLPlayer;
			sourceTree = "<group>";
		};
		244205472411204C00E442C6 /* DLTool */ = {
			isa = PBXGroup;
			children = (
				244205482411204C00E442C6 /* DLAlert.h */,
				244205492411204C00E442C6 /* DLAlert.m */,
				2442054A2411204C00E442C6 /* DLColor.h */,
				2442054B2411204C00E442C6 /* DLColor.m */,
				2442054C2411204C00E442C6 /* DLCoreGrapView.h */,
				2442054D2411204C00E442C6 /* DLCoreGrapView.m */,
				2442054E2411204C00E442C6 /* DLJsonToModel.h */,
				2442054F2411204C00E442C6 /* DLJsonToModel.m */,
				244205502411204C00E442C6 /* DLLoad.h */,
				244205512411204C00E442C6 /* DLLoad.m */,
				244205522411204C00E442C6 /* DLNetworkSpeed.h */,
				244205532411204C00E442C6 /* DLNetworkSpeed.m */,
				244205542411204C00E442C6 /* DLNoti.h */,
				244205552411204C00E442C6 /* DLNoti.m */,
				244205562411204C00E442C6 /* DLPerformanceLabel.h */,
				244205572411204C00E442C6 /* DLPerformanceLabel.m */,
				244205582411204C00E442C6 /* DLThread.h */,
				244205592411204C00E442C6 /* DLThread.m */,
				2442055A2411204C00E442C6 /* DLTimer.h */,
				2442055B2411204C00E442C6 /* DLTimer.m */,
				2442055C2411204C00E442C6 /* DLTimerButton.h */,
				2442055D2411204C00E442C6 /* DLTimerButton.m */,
				2442055E2411204C00E442C6 /* DLWeakProxy.h */,
				2442055F2411204C00E442C6 /* DLWeakProxy.m */,
				24CAA07524178E08005A7C56 /* DLMenu.h */,
				24CAA07624178E08005A7C56 /* DLMenu.m */,
				87C3332C2418E8EF00EE14D9 /* DLSQL.h */,
				87C3332D2418E8EF00EE14D9 /* DLSQL.m */,
				876F64F3241B183D00C383F5 /* DLCode.h */,
				876F64F4241B183D00C383F5 /* DLCode.m */,
				87835A2A241B36D500F5D372 /* DLAuthority.h */,
				87835A2B241B36D500F5D372 /* DLAuthority.m */,
				87712A91241C74AD0077A296 /* DLLaunchAd.h */,
				87712A92241C74AD0077A296 /* DLLaunchAd.m */,
				87712A97241C7F2E0077A296 /* DLImageCache.h */,
				87712A98241C7F2E0077A296 /* DLImageCache.m */,
				24903BA3241D0B6A00058612 /* DLCache.h */,
				24903BA4241D0B6A00058612 /* DLCache.m */,
			);
			path = DLTool;
			sourceTree = "<group>";
		};
		87835A29241B33F200F5D372 /* DLKeyboard */ = {
			isa = PBXGroup;
			children = (
			);
			path = DLKeyboard;
			sourceTree = "<group>";
		};
		87C3332F2418E92B00EE14D9 /* Frameworks */ = {
			isa = PBXGroup;
			children = (
				87C333302418E92B00EE14D9 /* libsqlite3.tbd */,
			);
			name = Frameworks;
			sourceTree = "<group>";
		};
/* End PBXGroup section */

/* Begin PBXNativeTarget section */
		244204B52411202C00E442C6 /* DLToolDemo */ = {
			isa = PBXNativeTarget;
			buildConfigurationList = 244204E22411202D00E442C6 /* Build configuration list for PBXNativeTarget "DLToolDemo" */;
			buildPhases = (
				244204B22411202C00E442C6 /* Sources */,
				244204B32411202C00E442C6 /* Frameworks */,
				244204B42411202C00E442C6 /* Resources */,
			);
			buildRules = (
			);
			dependencies = (
			);
			name = DLToolDemo;
			productName = DLToolDemo;
			productReference = 244204B62411202C00E442C6 /* DLToolDemo.app */;
			productType = "com.apple.product-type.application";
		};
		244204CD2411202C00E442C6 /* DLToolDemoTests */ = {
			isa = PBXNativeTarget;
			buildConfigurationList = 244204E52411202D00E442C6 /* Build configuration list for PBXNativeTarget "DLToolDemoTests" */;
			buildPhases = (
				244204CA2411202C00E442C6 /* Sources */,
				244204CB2411202C00E442C6 /* Frameworks */,
				244204CC2411202C00E442C6 /* Resources */,
			);
			buildRules = (
			);
			dependencies = (
				244204D02411202D00E442C6 /* PBXTargetDependency */,
			);
			name = DLToolDemoTests;
			productName = DLToolDemoTests;
			productReference = 244204CE2411202C00E442C6 /* DLToolDemoTests.xctest */;
			productType = "com.apple.product-type.bundle.unit-test";
		};
		244204D82411202D00E442C6 /* DLToolDemoUITests */ = {
			isa = PBXNativeTarget;
			buildConfigurationList = 244204E82411202D00E442C6 /* Build configuration list for PBXNativeTarget "DLToolDemoUITests" */;
			buildPhases = (
				244204D52411202D00E442C6 /* Sources */,
				244204D62411202D00E442C6 /* Frameworks */,
				244204D72411202D00E442C6 /* Resources */,
			);
			buildRules = (
			);
			dependencies = (
				244204DB2411202D00E442C6 /* PBXTargetDependency */,
			);
			name = DLToolDemoUITests;
			productName = DLToolDemoUITests;
			productReference = 244204D92411202D00E442C6 /* DLToolDemoUITests.xctest */;
			productType = "com.apple.product-type.bundle.ui-testing";
		};
/* End PBXNativeTarget section */

/* Begin PBXProject section */
		244204AE2411202C00E442C6 /* Project object */ = {
			isa = PBXProject;
			attributes = {
				LastUpgradeCheck = 0920;
				ORGANIZATIONNAME = "戴青";
				TargetAttributes = {
					244204B52411202C00E442C6 = {
						CreatedOnToolsVersion = 9.2;
						ProvisioningStyle = Automatic;
					};
					244204CD2411202C00E442C6 = {
						CreatedOnToolsVersion = 9.2;
						ProvisioningStyle = Automatic;
						TestTargetID = 244204B52411202C00E442C6;
					};
					244204D82411202D00E442C6 = {
						CreatedOnToolsVersion = 9.2;
						ProvisioningStyle = Automatic;
						TestTargetID = 244204B52411202C00E442C6;
					};
				};
			};
			buildConfigurationList = 244204B12411202C00E442C6 /* Build configuration list for PBXProject "DLToolDemo" */;
			compatibilityVersion = "Xcode 8.0";
			developmentRegion = en;
			hasScannedForEncodings = 0;
			knownRegions = (
				en,
				Base,
			);
			mainGroup = 244204AD2411202C00E442C6;
			productRefGroup = 244204B72411202C00E442C6 /* Products */;
			projectDirPath = "";
			projectRoot = "";
			targets = (
				244204B52411202C00E442C6 /* DLToolDemo */,
				244204CD2411202C00E442C6 /* DLToolDemoTests */,
				244204D82411202D00E442C6 /* DLToolDemoUITests */,
			);
		};
/* End PBXProject section */

/* Begin PBXResourcesBuildPhase section */
		244204B42411202C00E442C6 /* Resources */ = {
			isa = PBXResourcesBuildPhase;
			buildActionMask = 2147483647;
			files = (
				244205702411204C00E442C6 /* video_top_gray.png in Resources */,
				244205692411204C00E442C6 /* loading.png in Resources */,
				244204C62411202C00E442C6 /* LaunchScreen.storyboard in Resources */,
				2442056F2411204C00E442C6 /* video_small_screen.png in Resources */,
				87712A9B241C86BD0077A296 /* skipButton_background@3x.png in Resources */,
				2442056E2411204C00E442C6 /* video_full_screen.png in Resources */,
				8755A81D2413AB350064E7E4 /* repeatPlay.png in Resources */,
				244204C32411202C00E442C6 /* Assets.xcassets in Resources */,
				244205662411204C00E442C6 /* close_white.png in Resources */,
				2442056B2411204C00E442C6 /* pause.png in Resources */,
				2442056C2411204C00E442C6 /* play.png in Resources */,
				244205682411204C00E442C6 /* loadFail.png in Resources */,
				244205672411204C00E442C6 /* defaulteImage.png in Resources */,
				244205652411204C00E442C6 /* ClaritySelected.png in Resources */,
				2442056D2411204C00E442C6 /* video_bottom_gray.png in Resources */,
				87EB52FE24164BA20063D4B1 /* common_refresh_arrow@3x.png in Resources */,
				2442056A2411204C00E442C6 /* loadSuccess.png in Resources */,
				244205642411204C00E442C6 /* ClarityDefault.png in Resources */,
				244204C12411202C00E442C6 /* Main.storyboard in Resources */,
				87835A28241B2FEF00F5D372 /* return_white@2x.png in Resources */,
			);
			runOnlyForDeploymentPostprocessing = 0;
		};
		244204CC2411202C00E442C6 /* Resources */ = {
			isa = PBXResourcesBuildPhase;
			buildActionMask = 2147483647;
			files = (
			);
			runOnlyForDeploymentPostprocessing = 0;
		};
		244204D72411202D00E442C6 /* Resources */ = {
			isa = PBXResourcesBuildPhase;
			buildActionMask = 2147483647;
			files = (
			);
			runOnlyForDeploymentPostprocessing = 0;
		};
/* End PBXResourcesBuildPhase section */

/* Begin PBXSourcesBuildPhase section */
		244204B22411202C00E442C6 /* Sources */ = {
			isa = PBXSourcesBuildPhase;
			buildActionMask = 2147483647;
			files = (
				2442058E2411204C00E442C6 /* UIGestureRecognizer+Add.m in Sources */,
				244205932411204C00E442C6 /* DLCoreGrapView.m in Sources */,
				244205722411204C00E442C6 /* DLConstraintMaker.m in Sources */,
				244205802411204C00E442C6 /* NSMutableData+Add.m in Sources */,
				244205842411204C00E442C6 /* NSMutableString+Add.m in Sources */,
				2442059A2411204C00E442C6 /* DLTimer.m in Sources */,
				2442057A2411204C00E442C6 /* NSCache+Add.m in Sources */,
				244204BE2411202C00E442C6 /* ViewController.m in Sources */,
				2442058C2411204C00E442C6 /* UIControl+Add.m in Sources */,
				244205632411204C00E442C6 /* DLLayer.m in Sources */,
				87D8DFBE2413E1BF00DCEE30 /* UIView+SDAutoLayout.m in Sources */,
				244205942411204C00E442C6 /* DLJsonToModel.m in Sources */,
				244205852411204C00E442C6 /* NSNotificationCenter+Add.m in Sources */,
				87C3332E2418E8EF00EE14D9 /* DLSQL.m in Sources */,
				244205952411204C00E442C6 /* DLLoad.m in Sources */,
				244205872411204C00E442C6 /* NSOrderedSet+Add.m in Sources */,
				2442059C2411204C00E442C6 /* DLWeakProxy.m in Sources */,
				2442058D2411204C00E442C6 /* UIDevice+Add.m in Sources */,
				2442057D2411204C00E442C6 /* NSDictionary+Add.m in Sources */,
				244205982411204C00E442C6 /* DLPerformanceLabel.m in Sources */,
				244205782411204C00E442C6 /* NSArray+Add.m in Sources */,
				244205762411204C00E442C6 /* UIView+Add.m in Sources */,
				244205832411204C00E442C6 /* NSMutableSet+Add.m in Sources */,
				2442057B2411204C00E442C6 /* NSData+Add.m in Sources */,
				2442058A2411204C00E442C6 /* NSUserDefaults+Add.m in Sources */,
				87712A93241C74AD0077A296 /* DLLaunchAd.m in Sources */,
				2442057E2411204C00E442C6 /* NSMutableArray+Add.m in Sources */,
				2442059B2411204C00E442C6 /* DLTimerButton.m in Sources */,
				244205902411204C00E442C6 /* DLPlayer.m in Sources */,
				244205742411204C00E442C6 /* UINavigationController+Add.m in Sources */,
				244205732411204C00E442C6 /* DLBaseViewController.m in Sources */,
				244205752411204C00E442C6 /* DLSafeProtector.m in Sources */,
				2442057F2411204C00E442C6 /* NSMutableAttributedString+Add.m in Sources */,
				244205882411204C00E442C6 /* NSSet+Add.m in Sources */,
				2442058B2411204C00E442C6 /* UIApplication+Add.m in Sources */,
				24903BA5241D0B6A00058612 /* DLCache.m in Sources */,
				244204C92411202C00E442C6 /* main.m in Sources */,
				244204BB2411202C00E442C6 /* AppDelegate.m in Sources */,
				244205922411204C00E442C6 /* DLColor.m in Sources */,
				876F64F5241B183D00C383F5 /* DLCode.m in Sources */,
				244205712411204C00E442C6 /* DLAutoLayout.m in Sources */,
				244205772411204C00E442C6 /* DLClassInfo.m in Sources */,
				244205972411204C00E442C6 /* DLNoti.m in Sources */,
				244205992411204C00E442C6 /* DLThread.m in Sources */,
				2442057C2411204C00E442C6 /* NSDate+Add.m in Sources */,
				8761C1EA241873A100E94C8F /* DLBanner.m in Sources */,
				2442058F2411204C00E442C6 /* UIScrollView+Add.m in Sources */,
				244205A32411205700E442C6 /* OneViewController.m in Sources */,
				244205822411204C00E442C6 /* NSMutableOrderedSet+Add.m in Sources */,
				87835A2C241B36D500F5D372 /* DLAuthority.m in Sources */,
				87D8DFBD2413E1BF00DCEE30 /* UITableView+SDAutoTableViewCellHeight.m in Sources */,
				244205912411204C00E442C6 /* DLAlert.m in Sources */,
				244205862411204C00E442C6 /* NSObject+Add.m in Sources */,
				244205812411204C00E442C6 /* NSMutableDictionary+Add.m in Sources */,
				244205892411204C00E442C6 /* NSString+Add.m in Sources */,
				244205622411204C00E442C6 /* DLDispatchQueuePool.m in Sources */,
				244205962411204C00E442C6 /* DLNetworkSpeed.m in Sources */,
				87712A99241C7F2E0077A296 /* DLImageCache.m in Sources */,
				244205792411204C00E442C6 /* NSAttributedString+Add.m in Sources */,
				87663A7A241A2A12005052C4 /* DLModelDemo.m in Sources */,
				24CAA07724178E08005A7C56 /* DLMenu.m in Sources */,
			);
			runOnlyForDeploymentPostprocessing = 0;
		};
		244204CA2411202C00E442C6 /* Sources */ = {
			isa = PBXSourcesBuildPhase;
			buildActionMask = 2147483647;
			files = (
				244204D32411202D00E442C6 /* DLToolDemoTests.m in Sources */,
			);
			runOnlyForDeploymentPostprocessing = 0;
		};
		244204D52411202D00E442C6 /* Sources */ = {
			isa = PBXSourcesBuildPhase;
			buildActionMask = 2147483647;
			files = (
				244204DE2411202D00E442C6 /* DLToolDemoUITests.m in Sources */,
			);
			runOnlyForDeploymentPostprocessing = 0;
		};
/* End PBXSourcesBuildPhase section */

/* Begin PBXTargetDependency section */
		244204D02411202D00E442C6 /* PBXTargetDependency */ = {
			isa = PBXTargetDependency;
			target = 244204B52411202C00E442C6 /* DLToolDemo */;
			targetProxy = 244204CF2411202D00E442C6 /* PBXContainerItemProxy */;
		};
		244204DB2411202D00E442C6 /* PBXTargetDependency */ = {
			isa = PBXTargetDependency;
			target = 244204B52411202C00E442C6 /* DLToolDemo */;
			targetProxy = 244204DA2411202D00E442C6 /* PBXContainerItemProxy */;
		};
/* End PBXTargetDependency section */

/* Begin PBXVariantGroup section */
		244204BF2411202C00E442C6 /* Main.storyboard */ = {
			isa = PBXVariantGroup;
			children = (
				244204C02411202C00E442C6 /* Base */,
			);
			name = Main.storyboard;
			sourceTree = "<group>";
		};
		244204C42411202C00E442C6 /* LaunchScreen.storyboard */ = {
			isa = PBXVariantGroup;
			children = (
				244204C52411202C00E442C6 /* Base */,
			);
			name = LaunchScreen.storyboard;
			sourceTree = "<group>";
		};
/* End PBXVariantGroup section */

/* Begin XCBuildConfiguration section */
		244204E02411202D00E442C6 /* Debug */ = {
			isa = XCBuildConfiguration;
			buildSettings = {
				ALWAYS_SEARCH_USER_PATHS = NO;
				CLANG_ANALYZER_NONNULL = YES;
				CLANG_ANALYZER_NUMBER_OBJECT_CONVERSION = YES_AGGRESSIVE;
				CLANG_CXX_LANGUAGE_STANDARD = "gnu++14";
				CLANG_CXX_LIBRARY = "libc++";
				CLANG_ENABLE_MODULES = YES;
				CLANG_ENABLE_OBJC_ARC = YES;
				CLANG_WARN_BLOCK_CAPTURE_AUTORELEASING = YES;
				CLANG_WARN_BOOL_CONVERSION = YES;
				CLANG_WARN_COMMA = YES;
				CLANG_WARN_CONSTANT_CONVERSION = YES;
				CLANG_WARN_DIRECT_OBJC_ISA_USAGE = YES_ERROR;
				CLANG_WARN_DOCUMENTATION_COMMENTS = YES;
				CLANG_WARN_EMPTY_BODY = YES;
				CLANG_WARN_ENUM_CONVERSION = YES;
				CLANG_WARN_INFINITE_RECURSION = YES;
				CLANG_WARN_INT_CONVERSION = YES;
				CLANG_WARN_NON_LITERAL_NULL_CONVERSION = YES;
				CLANG_WARN_OBJC_LITERAL_CONVERSION = YES;
				CLANG_WARN_OBJC_ROOT_CLASS = YES_ERROR;
				CLANG_WARN_RANGE_LOOP_ANALYSIS = YES;
				CLANG_WARN_STRICT_PROTOTYPES = YES;
				CLANG_WARN_SUSPICIOUS_MOVE = YES;
				CLANG_WARN_UNGUARDED_AVAILABILITY = YES_AGGRESSIVE;
				CLANG_WARN_UNREACHABLE_CODE = YES;
				CLANG_WARN__DUPLICATE_METHOD_MATCH = YES;
				CODE_SIGN_IDENTITY = "iPhone Developer";
				COPY_PHASE_STRIP = NO;
				DEBUG_INFORMATION_FORMAT = dwarf;
				ENABLE_STRICT_OBJC_MSGSEND = YES;
				ENABLE_TESTABILITY = YES;
				GCC_C_LANGUAGE_STANDARD = gnu11;
				GCC_DYNAMIC_NO_PIC = NO;
				GCC_NO_COMMON_BLOCKS = YES;
				GCC_OPTIMIZATION_LEVEL = 0;
				GCC_PREPROCESSOR_DEFINITIONS = (
					"DEBUG=1",
					"$(inherited)",
				);
				GCC_WARN_64_TO_32_BIT_CONVERSION = YES;
				GCC_WARN_ABOUT_RETURN_TYPE = YES_ERROR;
				GCC_WARN_UNDECLARED_SELECTOR = YES;
				GCC_WARN_UNINITIALIZED_AUTOS = YES_AGGRESSIVE;
				GCC_WARN_UNUSED_FUNCTION = YES;
				GCC_WARN_UNUSED_VARIABLE = YES;
				IPHONEOS_DEPLOYMENT_TARGET = 10.0;
				MTL_ENABLE_DEBUG_INFO = YES;
				ONLY_ACTIVE_ARCH = YES;
				SDKROOT = iphoneos;
			};
			name = Debug;
		};
		244204E12411202D00E442C6 /* Release */ = {
			isa = XCBuildConfiguration;
			buildSettings = {
				ALWAYS_SEARCH_USER_PATHS = NO;
				CLANG_ANALYZER_NONNULL = YES;
				CLANG_ANALYZER_NUMBER_OBJECT_CONVERSION = YES_AGGRESSIVE;
				CLANG_CXX_LANGUAGE_STANDARD = "gnu++14";
				CLANG_CXX_LIBRARY = "libc++";
				CLANG_ENABLE_MODULES = YES;
				CLANG_ENABLE_OBJC_ARC = YES;
				CLANG_WARN_BLOCK_CAPTURE_AUTORELEASING = YES;
				CLANG_WARN_BOOL_CONVERSION = YES;
				CLANG_WARN_COMMA = YES;
				CLANG_WARN_CONSTANT_CONVERSION = YES;
				CLANG_WARN_DIRECT_OBJC_ISA_USAGE = YES_ERROR;
				CLANG_WARN_DOCUMENTATION_COMMENTS = YES;
				CLANG_WARN_EMPTY_BODY = YES;
				CLANG_WARN_ENUM_CONVERSION = YES;
				CLANG_WARN_INFINITE_RECURSION = YES;
				CLANG_WARN_INT_CONVERSION = YES;
				CLANG_WARN_NON_LITERAL_NULL_CONVERSION = YES;
				CLANG_WARN_OBJC_LITERAL_CONVERSION = YES;
				CLANG_WARN_OBJC_ROOT_CLASS = YES_ERROR;
				CLANG_WARN_RANGE_LOOP_ANALYSIS = YES;
				CLANG_WARN_STRICT_PROTOTYPES = YES;
				CLANG_WARN_SUSPICIOUS_MOVE = YES;
				CLANG_WARN_UNGUARDED_AVAILABILITY = YES_AGGRESSIVE;
				CLANG_WARN_UNREACHABLE_CODE = YES;
				CLANG_WARN__DUPLICATE_METHOD_MATCH = YES;
				CODE_SIGN_IDENTITY = "iPhone Developer";
				COPY_PHASE_STRIP = NO;
				DEBUG_INFORMATION_FORMAT = "dwarf-with-dsym";
				ENABLE_NS_ASSERTIONS = NO;
				ENABLE_STRICT_OBJC_MSGSEND = YES;
				GCC_C_LANGUAGE_STANDARD = gnu11;
				GCC_NO_COMMON_BLOCKS = YES;
				GCC_WARN_64_TO_32_BIT_CONVERSION = YES;
				GCC_WARN_ABOUT_RETURN_TYPE = YES_ERROR;
				GCC_WARN_UNDECLARED_SELECTOR = YES;
				GCC_WARN_UNINITIALIZED_AUTOS = YES_AGGRESSIVE;
				GCC_WARN_UNUSED_FUNCTION = YES;
				GCC_WARN_UNUSED_VARIABLE = YES;
				IPHONEOS_DEPLOYMENT_TARGET = 10.0;
				MTL_ENABLE_DEBUG_INFO = NO;
				SDKROOT = iphoneos;
				VALIDATE_PRODUCT = YES;
			};
			name = Release;
		};
		244204E32411202D00E442C6 /* Debug */ = {
			isa = XCBuildConfiguration;
			buildSettings = {
				ASSETCATALOG_COMPILER_APPICON_NAME = AppIcon;
				CODE_SIGN_STYLE = Automatic;
				DEVELOPMENT_TEAM = D748GV4LD4;
				INFOPLIST_FILE = DLToolDemo/Info.plist;
				IPHONEOS_DEPLOYMENT_TARGET = 9.0;
				LD_RUNPATH_SEARCH_PATHS = "$(inherited) @executable_path/Frameworks";
				PRODUCT_BUNDLE_IDENTIFIER = com.delouch.DLToolDemo;
				PRODUCT_NAME = "$(TARGET_NAME)";
				TARGETED_DEVICE_FAMILY = "1,2";
			};
			name = Debug;
		};
		244204E42411202D00E442C6 /* Release */ = {
			isa = XCBuildConfiguration;
			buildSettings = {
				ASSETCATALOG_COMPILER_APPICON_NAME = AppIcon;
				CODE_SIGN_STYLE = Automatic;
				DEVELOPMENT_TEAM = D748GV4LD4;
				INFOPLIST_FILE = DLToolDemo/Info.plist;
				IPHONEOS_DEPLOYMENT_TARGET = 9.0;
				LD_RUNPATH_SEARCH_PATHS = "$(inherited) @executable_path/Frameworks";
				PRODUCT_BUNDLE_IDENTIFIER = com.delouch.DLToolDemo;
				PRODUCT_NAME = "$(TARGET_NAME)";
				TARGETED_DEVICE_FAMILY = "1,2";
			};
			name = Release;
		};
		244204E62411202D00E442C6 /* Debug */ = {
			isa = XCBuildConfiguration;
			buildSettings = {
				BUNDLE_LOADER = "$(TEST_HOST)";
				CODE_SIGN_STYLE = Automatic;
				INFOPLIST_FILE = DLToolDemoTests/Info.plist;
				LD_RUNPATH_SEARCH_PATHS = "$(inherited) @executable_path/Frameworks @loader_path/Frameworks";
				PRODUCT_BUNDLE_IDENTIFIER = com.delouch.DLToolDemoTests;
				PRODUCT_NAME = "$(TARGET_NAME)";
				TARGETED_DEVICE_FAMILY = "1,2";
				TEST_HOST = "$(BUILT_PRODUCTS_DIR)/DLToolDemo.app/DLToolDemo";
			};
			name = Debug;
		};
		244204E72411202D00E442C6 /* Release */ = {
			isa = XCBuildConfiguration;
			buildSettings = {
				BUNDLE_LOADER = "$(TEST_HOST)";
				CODE_SIGN_STYLE = Automatic;
				INFOPLIST_FILE = DLToolDemoTests/Info.plist;
				LD_RUNPATH_SEARCH_PATHS = "$(inherited) @executable_path/Frameworks @loader_path/Frameworks";
				PRODUCT_BUNDLE_IDENTIFIER = com.delouch.DLToolDemoTests;
				PRODUCT_NAME = "$(TARGET_NAME)";
				TARGETED_DEVICE_FAMILY = "1,2";
				TEST_HOST = "$(BUILT_PRODUCTS_DIR)/DLToolDemo.app/DLToolDemo";
			};
			name = Release;
		};
		244204E92411202D00E442C6 /* Debug */ = {
			isa = XCBuildConfiguration;
			buildSettings = {
				CODE_SIGN_STYLE = Automatic;
				INFOPLIST_FILE = DLToolDemoUITests/Info.plist;
				LD_RUNPATH_SEARCH_PATHS = "$(inherited) @executable_path/Frameworks @loader_path/Frameworks";
				PRODUCT_BUNDLE_IDENTIFIER = com.delouch.DLToolDemoUITests;
				PRODUCT_NAME = "$(TARGET_NAME)";
				TARGETED_DEVICE_FAMILY = "1,2";
				TEST_TARGET_NAME = DLToolDemo;
			};
			name = Debug;
		};
		244204EA2411202D00E442C6 /* Release */ = {
			isa = XCBuildConfiguration;
			buildSettings = {
				CODE_SIGN_STYLE = Automatic;
				INFOPLIST_FILE = DLToolDemoUITests/Info.plist;
				LD_RUNPATH_SEARCH_PATHS = "$(inherited) @executable_path/Frameworks @loader_path/Frameworks";
				PRODUCT_BUNDLE_IDENTIFIER = com.delouch.DLToolDemoUITests;
				PRODUCT_NAME = "$(TARGET_NAME)";
				TARGETED_DEVICE_FAMILY = "1,2";
				TEST_TARGET_NAME = DLToolDemo;
			};
			name = Release;
		};
/* End XCBuildConfiguration section */

/* Begin XCConfigurationList section */
		244204B12411202C00E442C6 /* Build configuration list for PBXProject "DLToolDemo" */ = {
			isa = XCConfigurationList;
			buildConfigurations = (
				244204E02411202D00E442C6 /* Debug */,
				244204E12411202D00E442C6 /* Release */,
			);
			defaultConfigurationIsVisible = 0;
			defaultConfigurationName = Release;
		};
		244204E22411202D00E442C6 /* Build configuration list for PBXNativeTarget "DLToolDemo" */ = {
			isa = XCConfigurationList;
			buildConfigurations = (
				244204E32411202D00E442C6 /* Debug */,
				244204E42411202D00E442C6 /* Release */,
			);
			defaultConfigurationIsVisible = 0;
			defaultConfigurationName = Release;
		};
		244204E52411202D00E442C6 /* Build configuration list for PBXNativeTarget "DLToolDemoTests" */ = {
			isa = XCConfigurationList;
			buildConfigurations = (
				244204E62411202D00E442C6 /* Debug */,
				244204E72411202D00E442C6 /* Release */,
			);
			defaultConfigurationIsVisible = 0;
			defaultConfigurationName = Release;
		};
		244204E82411202D00E442C6 /* Build configuration list for PBXNativeTarget "DLToolDemoUITests" */ = {
			isa = XCConfigurationList;
			buildConfigurations = (
				244204E92411202D00E442C6 /* Debug */,
				244204EA2411202D00E442C6 /* Release */,
			);
			defaultConfigurationIsVisible = 0;
			defaultConfigurationName = Release;
		};
/* End XCConfigurationList section */
	};
	rootObject = 244204AE2411202C00E442C6 /* Project object */;
}
